
Microsoft Visual Studio Solution File, Format Version 12.00
# Visual Studio Version 16
VisualStudioVersion = 16.0.30320.27
MinimumVisualStudioVersion = 10.0.40219.1
Project("{FAE04EC0-301F-11D3-BF4B-00C04F79EFBC}") = "MovieRentalMVC", "MovieRentalMVC\MovieRentalMVC.csproj", "{08A1EE55-78B7-4491-A959-B3284E38333D}"
EndProject
Global
	GlobalSection(SolutionConfigurationPlatforms) = preSolution
		Debug|Any CPU = Debug|Any CPU
		Release|Any CPU = Release|Any CPU
	EndGlobalSection
	GlobalSection(ProjectConfigurationPlatforms) = postSolution
		{08A1EE55-78B7-4491-A959-B3284E38333D}.Debug|Any CPU.ActiveCfg = Debug|Any CPU
		{08A1EE55-78B7-4491-A959-B3284E38333D}.Debug|Any CPU.Build.0 = Debug|Any CPU
		{08A1EE55-78B7-4491-A959-B3284E38333D}.Release|Any CPU.ActiveCfg = Release|Any CPU
		{08A1EE55-78B7-4491-A959-B3284E38333D}.Release|Any CPU.Build.0 = Release|Any CPU
	EndGlobalSection
	GlobalSection(SolutionProperties) = preSolution
		HideSolutionNode = FALSE
	EndGlobalSection
	GlobalSection(ExtensibilityGlobals) = postSolution
		SolutionGuid = {391A383A-AC56-4D8A-9438-9AF20AEBEA2A}
	EndGlobalSection
EndGlobal
