
Microsoft Visual Studio Solution File, Format Version 12.00
# Visual Studio Version 16
VisualStudioVersion = 16.0.30320.27
MinimumVisualStudioVersion = 10.0.40219.1
Project("{FAE04EC0-301F-11D3-BF4B-00C04F79EFBC}") = "MovieRentalRazor", "MovieRentalRazor\MovieRentalRazor.csproj", "{429F4D65-CEB6-473E-86FC-F85D7BDA0004}"
EndProject
Global
	GlobalSection(SolutionConfigurationPlatforms) = preSolution
		Debug|Any CPU = Debug|Any CPU
		Release|Any CPU = Release|Any CPU
	EndGlobalSection
	GlobalSection(ProjectConfigurationPlatforms) = postSolution
		{429F4D65-CEB6-473E-86FC-F85D7BDA0004}.Debug|Any CPU.ActiveCfg = Debug|Any CPU
		{429F4D65-CEB6-473E-86FC-F85D7BDA0004}.Debug|Any CPU.Build.0 = Debug|Any CPU
		{429F4D65-CEB6-473E-86FC-F85D7BDA0004}.Release|Any CPU.ActiveCfg = Release|Any CPU
		{429F4D65-CEB6-473E-86FC-F85D7BDA0004}.Release|Any CPU.Build.0 = Release|Any CPU
	EndGlobalSection
	GlobalSection(SolutionProperties) = preSolution
		HideSolutionNode = FALSE
	EndGlobalSection
	GlobalSection(ExtensibilityGlobals) = postSolution
		SolutionGuid = {079B4A47-5828-4CC5-AED7-DDA8A88C770F}
	EndGlobalSection
EndGlobal
